
Microsoft Visual Studio Solution File, Format Version 11.00
# Visual Studio 2010
Project("{FAE04EC0-301F-11D3-BF4B-00C04F79EFBC}") = "Core", "Core\Core.csproj", "{32E4ACC5-DE2C-4048-8AEC-3217B28DD609}"
EndProject
Project("{2150E333-8FDC-42A3-9474-1A3956D46DE8}") = "Docs", "Docs", "{32409EF0-7AFD-4CE1-B688-65CEEA44D63B}"
	ProjectSection(SolutionItems) = preProject
		cards.txt = cards.txt
		todo.txt = todo.txt
	EndProjectSection
EndProject
Project("{FAE04EC0-301F-11D3-BF4B-00C04F79EFBC}") = "Wincli", "Wincli\Wincli.csproj", "{5AF47678-B95B-4473-808B-93341638C9F7}"
EndProject
Project("{FAE04EC0-301F-11D3-BF4B-00C04F79EFBC}") = "Core.Testing", "Core.Testing\Core.Testing.csproj", "{7C14CEA2-C86A-42EE-AA87-47999365F1E0}"
EndProject
Project("{2150E333-8FDC-42A3-9474-1A3956D46DE8}") = "Solution Items", "Solution Items", "{0CC11D00-DD56-4ECF-B319-B7AD38AC3A96}"
	ProjectSection(SolutionItems) = preProject
		Local.testsettings = Local.testsettings
		Powercards.vsmdi = Powercards.vsmdi
		TraceAndTestImpact.testsettings = TraceAndTestImpact.testsettings
	EndProjectSection
EndProject
Project("{FAE04EC0-301F-11D3-BF4B-00C04F79EFBC}") = "WinPresent", "WinPresent\WinPresent.csproj", "{537C6BBA-8636-4AE7-8567-CFEF0EE45E3B}"
EndProject
Global
	GlobalSection(TestCaseManagementSettings) = postSolution
		CategoryFile = Powercards.vsmdi
	EndGlobalSection
	GlobalSection(SolutionConfigurationPlatforms) = preSolution
		Debug|Any CPU = Debug|Any CPU
		Debug|Mixed Platforms = Debug|Mixed Platforms
		Debug|x86 = Debug|x86
		Release|Any CPU = Release|Any CPU
		Release|Mixed Platforms = Release|Mixed Platforms
		Release|x86 = Release|x86
	EndGlobalSection
	GlobalSection(ProjectConfigurationPlatforms) = postSolution
		{32E4ACC5-DE2C-4048-8AEC-3217B28DD609}.Debug|Any CPU.ActiveCfg = Debug|Any CPU
		{32E4ACC5-DE2C-4048-8AEC-3217B28DD609}.Debug|Any CPU.Build.0 = Debug|Any CPU
		{32E4ACC5-DE2C-4048-8AEC-3217B28DD609}.Debug|Mixed Platforms.ActiveCfg = Debug|Any CPU
		{32E4ACC5-DE2C-4048-8AEC-3217B28DD609}.Debug|Mixed Platforms.Build.0 = Debug|Any CPU
		{32E4ACC5-DE2C-4048-8AEC-3217B28DD609}.Debug|x86.ActiveCfg = Debug|Any CPU
		{32E4ACC5-DE2C-4048-8AEC-3217B28DD609}.Release|Any CPU.ActiveCfg = Release|Any CPU
		{32E4ACC5-DE2C-4048-8AEC-3217B28DD609}.Release|Any CPU.Build.0 = Release|Any CPU
		{32E4ACC5-DE2C-4048-8AEC-3217B28DD609}.Release|Mixed Platforms.ActiveCfg = Release|Any CPU
		{32E4ACC5-DE2C-4048-8AEC-3217B28DD609}.Release|Mixed Platforms.Build.0 = Release|Any CPU
		{32E4ACC5-DE2C-4048-8AEC-3217B28DD609}.Release|x86.ActiveCfg = Release|Any CPU
		{5AF47678-B95B-4473-808B-93341638C9F7}.Debug|Any CPU.ActiveCfg = Debug|x86
		{5AF47678-B95B-4473-808B-93341638C9F7}.Debug|Mixed Platforms.ActiveCfg = Debug|x86
		{5AF47678-B95B-4473-808B-93341638C9F7}.Debug|Mixed Platforms.Build.0 = Debug|x86
		{5AF47678-B95B-4473-808B-93341638C9F7}.Debug|x86.ActiveCfg = Debug|x86
		{5AF47678-B95B-4473-808B-93341638C9F7}.Debug|x86.Build.0 = Debug|x86
		{5AF47678-B95B-4473-808B-93341638C9F7}.Release|Any CPU.ActiveCfg = Release|x86
		{5AF47678-B95B-4473-808B-93341638C9F7}.Release|Mixed Platforms.ActiveCfg = Release|x86
		{5AF47678-B95B-4473-808B-93341638C9F7}.Release|Mixed Platforms.Build.0 = Release|x86
		{5AF47678-B95B-4473-808B-93341638C9F7}.Release|x86.ActiveCfg = Release|x86
		{5AF47678-B95B-4473-808B-93341638C9F7}.Release|x86.Build.0 = Release|x86
		{7C14CEA2-C86A-42EE-AA87-47999365F1E0}.Debug|Any CPU.ActiveCfg = Debug|Any CPU
		{7C14CEA2-C86A-42EE-AA87-47999365F1E0}.Debug|Any CPU.Build.0 = Debug|Any CPU
		{7C14CEA2-C86A-42EE-AA87-47999365F1E0}.Debug|Mixed Platforms.ActiveCfg = Debug|Any CPU
		{7C14CEA2-C86A-42EE-AA87-47999365F1E0}.Debug|Mixed Platforms.Build.0 = Debug|Any CPU
		{7C14CEA2-C86A-42EE-AA87-47999365F1E0}.Debug|x86.ActiveCfg = Debug|Any CPU
		{7C14CEA2-C86A-42EE-AA87-47999365F1E0}.Release|Any CPU.ActiveCfg = Release|Any CPU
		{7C14CEA2-C86A-42EE-AA87-47999365F1E0}.Release|Any CPU.Build.0 = Release|Any CPU
		{7C14CEA2-C86A-42EE-AA87-47999365F1E0}.Release|Mixed Platforms.ActiveCfg = Release|Any CPU
		{7C14CEA2-C86A-42EE-AA87-47999365F1E0}.Release|Mixed Platforms.Build.0 = Release|Any CPU
		{7C14CEA2-C86A-42EE-AA87-47999365F1E0}.Release|x86.ActiveCfg = Release|Any CPU
		{537C6BBA-8636-4AE7-8567-CFEF0EE45E3B}.Debug|Any CPU.ActiveCfg = Debug|x86
		{537C6BBA-8636-4AE7-8567-CFEF0EE45E3B}.Debug|Mixed Platforms.ActiveCfg = Debug|x86
		{537C6BBA-8636-4AE7-8567-CFEF0EE45E3B}.Debug|Mixed Platforms.Build.0 = Debug|x86
		{537C6BBA-8636-4AE7-8567-CFEF0EE45E3B}.Debug|x86.ActiveCfg = Debug|x86
		{537C6BBA-8636-4AE7-8567-CFEF0EE45E3B}.Debug|x86.Build.0 = Debug|x86
		{537C6BBA-8636-4AE7-8567-CFEF0EE45E3B}.Release|Any CPU.ActiveCfg = Release|x86
		{537C6BBA-8636-4AE7-8567-CFEF0EE45E3B}.Release|Mixed Platforms.ActiveCfg = Release|x86
		{537C6BBA-8636-4AE7-8567-CFEF0EE45E3B}.Release|Mixed Platforms.Build.0 = Release|x86
		{537C6BBA-8636-4AE7-8567-CFEF0EE45E3B}.Release|x86.ActiveCfg = Release|x86
		{537C6BBA-8636-4AE7-8567-CFEF0EE45E3B}.Release|x86.Build.0 = Release|x86
	EndGlobalSection
	GlobalSection(SolutionProperties) = preSolution
		HideSolutionNode = FALSE
	EndGlobalSection
EndGlobal
